github.com/akibrhast/astrid v0.1.1 h1:2Ji5etU5gVZOLVtVR7UZqoOWzDE40W6eUkPstVuhSJc=
github.com/akibrhast/astrid v0.1.1/go.mod h1:YULbKJSwu4FosAFO+6fRZFvee1xGI8SdhrAr2Q8iMSc=
github.com/akibrhast/patsy v0.1.0 h1:cueo18oFk8mQAfs6EJlb9kVw1u5fOM8iaY8IBISs/UA=
github.com/akibrhast/patsy v0.1.0/go.mod h1:WkkiUr+VJ8+YUKMCPSLfKt8EZAfAZOw2kZsjF4JjQy8=
github.com/pkg/errors v0.9.1 h1:FEBLx1zS214owpjy7qsBeixbURkuhQAwrK5UwLGTwt4=
github.com/pkg/errors v0.9.1/go.mod h1:bwawxfHBFNV+L2hUp1rHADufV3IMtnDRdf1r5NINEl0=
golang.org/x/sys v0.13.0 h1:Af8nKPmuFypiUBjVoU9V20FiaFXOcuZI21p0ycVYYGE=
golang.org/x/sys v0.13.0/go.mod h1:oPkhp1MJrh7nUepCBck5+mAzfO9JrbApNNgaTdGDITg=
golang.org/x/tools v0.14.0 h1:jvNa2pY0M4r62jkRQ6RwEZZyPcymeL9XZMLBbV7U2nc=
golang.org/x/tools v0.14.0/go.mod h1:uYBEerGOWcJyEORxN+Ek8+TT266gXkNlHdJBwexUsBg=
