github.com/akibrhast/astrid v0.1.0 h1:va3jWFq0Wp1G3jdBqHLU1EIMcC695Ii3tCTddwKSQp0=
github.com/akibrhast/astrid v0.1.0/go.mod h1:d30HsOOk4EUKzi+EfjGfxmQ663jCmu/WOI7CStUtlCo=
github.com/dave/patsy v0.0.0-20210517141501-957256f50cba h1:1o36L4EKbZzazMk8iGC4kXpVnZ6TPxR2mZ9qVKjNNAs=
github.com/dave/patsy v0.0.0-20210517141501-957256f50cba/go.mod h1:qfR88CgEGLoiqDaE+xxDCi5QA5v4vUoW0UCX2Nd5Tlc=
github.com/pkg/errors v0.9.1 h1:FEBLx1zS214owpjy7qsBeixbURkuhQAwrK5UwLGTwt4=
github.com/pkg/errors v0.9.1/go.mod h1:bwawxfHBFNV+L2hUp1rHADufV3IMtnDRdf1r5NINEl0=
golang.org/x/sys v0.13.0 h1:Af8nKPmuFypiUBjVoU9V20FiaFXOcuZI21p0ycVYYGE=
golang.org/x/sys v0.13.0/go.mod h1:oPkhp1MJrh7nUepCBck5+mAzfO9JrbApNNgaTdGDITg=
golang.org/x/tools v0.14.0 h1:jvNa2pY0M4r62jkRQ6RwEZZyPcymeL9XZMLBbV7U2nc=
golang.org/x/tools v0.14.0/go.mod h1:uYBEerGOWcJyEORxN+Ek8+TT266gXkNlHdJBwexUsBg=
